
Microsoft Visual Studio Solution File, Format Version 12.00
# Visual Studio Version 16
VisualStudioVersion = 16.0.30114.105
MinimumVisualStudioVersion = 10.0.40219.1
Project("{FAE04EC0-301F-11D3-BF4B-00C04F79EFBC}") = "working sudoku", "working sudoku\working sudoku.csproj", "{1890221E-8331-45FD-9093-397A8D6F5ABC}"
EndProject
Global
	GlobalSection(SolutionConfigurationPlatforms) = preSolution
		Debug|Any CPU = Debug|Any CPU
		Release|Any CPU = Release|Any CPU
	EndGlobalSection
	GlobalSection(ProjectConfigurationPlatforms) = postSolution
		{1890221E-8331-45FD-9093-397A8D6F5ABC}.Debug|Any CPU.ActiveCfg = Debug|Any CPU
		{1890221E-8331-45FD-9093-397A8D6F5ABC}.Debug|Any CPU.Build.0 = Debug|Any CPU
		{1890221E-8331-45FD-9093-397A8D6F5ABC}.Release|Any CPU.ActiveCfg = Release|Any CPU
		{1890221E-8331-45FD-9093-397A8D6F5ABC}.Release|Any CPU.Build.0 = Release|Any CPU
	EndGlobalSection
	GlobalSection(SolutionProperties) = preSolution
		HideSolutionNode = FALSE
	EndGlobalSection
	GlobalSection(ExtensibilityGlobals) = postSolution
		SolutionGuid = {013FDAE4-0060-414B-8EF1-F2A542B2BF20}
	EndGlobalSection
EndGlobal
